
Microsoft Visual Studio Solution File, Format Version 12.00
# Visual Studio Version 16
VisualStudioVersion = 16.0.33801.447
MinimumVisualStudioVersion = 10.0.40219.1
Project("{FAE04EC0-301F-11D3-BF4B-00C04F79EFBC}") = "BookShopManagement", "BookShopManagement\BookShopManagement.csproj", "{D8F85CC1-9472-4794-8449-5D545C316A4E}"
EndProject
Project("{FAE04EC0-301F-11D3-BF4B-00C04F79EFBC}") = "Server_review", "Server_review\Server_review.csproj", "{CD5471A9-7E2E-48BD-B2EF-091DDC721F52}"
EndProject
Global
	GlobalSection(SolutionConfigurationPlatforms) = preSolution
		Debug|Any CPU = Debug|Any CPU
		Release|Any CPU = Release|Any CPU
	EndGlobalSection
	GlobalSection(ProjectConfigurationPlatforms) = postSolution
		{D8F85CC1-9472-4794-8449-5D545C316A4E}.Debug|Any CPU.ActiveCfg = Debug|Any CPU
		{D8F85CC1-9472-4794-8449-5D545C316A4E}.Debug|Any CPU.Build.0 = Debug|Any CPU
		{D8F85CC1-9472-4794-8449-5D545C316A4E}.Release|Any CPU.ActiveCfg = Release|Any CPU
		{D8F85CC1-9472-4794-8449-5D545C316A4E}.Release|Any CPU.Build.0 = Release|Any CPU
		{CD5471A9-7E2E-48BD-B2EF-091DDC721F52}.Debug|Any CPU.ActiveCfg = Debug|Any CPU
		{CD5471A9-7E2E-48BD-B2EF-091DDC721F52}.Debug|Any CPU.Build.0 = Debug|Any CPU
		{CD5471A9-7E2E-48BD-B2EF-091DDC721F52}.Release|Any CPU.ActiveCfg = Release|Any CPU
		{CD5471A9-7E2E-48BD-B2EF-091DDC721F52}.Release|Any CPU.Build.0 = Release|Any CPU
	EndGlobalSection
	GlobalSection(SolutionProperties) = preSolution
		HideSolutionNode = FALSE
	EndGlobalSection
	GlobalSection(ExtensibilityGlobals) = postSolution
		SolutionGuid = {EDC03F77-572B-4C2F-9B52-AF9E682AD37D}
	EndGlobalSection
EndGlobal
